Microsoft Visual Studio Solution File, Format Version 12.00
# Visual Studio Version 17
VisualStudioVersion = 17.13.35818.85 d17.13
MinimumVisualStudioVersion = 10.0.40219.1
Project("{FAE04EC0-301F-11D3-BF4B-00C04F79EFBC}") = "Aspire-Demo-App.AppHost", "Aspire-Demo-App.AppHost\Aspire-Demo-App.AppHost.csproj", "{817AC1BF-9877-4DDD-977A-369A0DCA485F}"
EndProject
Project("{FAE04EC0-301F-11D3-BF4B-00C04F79EFBC}") = "Aspire-Demo-App.ServiceDefaults", "Aspire-Demo-App.ServiceDefaults\Aspire-Demo-App.ServiceDefaults.csproj", "{B08A0DCA-05A1-1AD3-A9EE-BA5AA246CAF8}"
EndProject
Project("{FAE04EC0-301F-11D3-BF4B-00C04F79EFBC}") = "AnalyticsApp", "AnalyticsApp\AnalyticsApp.csproj", "{79FA478C-413D-71DE-0691-D35A8F1D563B}"
EndProject
Project("{FAE04EC0-301F-11D3-BF4B-00C04F79EFBC}") = "DemoApi", "DemoApi\DemoApi.csproj", "{46DABA03-A88B-A15D-DAEF-5F3C1B0403D2}"
EndProject
Project("{FAE04EC0-301F-11D3-BF4B-00C04F79EFBC}") = "DemoLib", "DemoLib\DemoLib.csproj", "{2426F79E-08C5-6273-EB04-FCFD9338C1BB}"
EndProject
Project("{FAE04EC0-301F-11D3-BF4B-00C04F79EFBC}") = "MessageProcessor", "MessageProcessor\MessageProcessor.csproj", "{FB28060B-4C5A-7771-5D3D-1A7CF9419046}"
EndProject
Global
	GlobalSection(SolutionConfigurationPlatforms) = preSolution
		Debug|Any CPU = Debug|Any CPU
		Release|Any CPU = Release|Any CPU
	EndGlobalSection
	GlobalSection(ProjectConfigurationPlatforms) = postSolution
		{817AC1BF-9877-4DDD-977A-369A0DCA485F}.Debug|Any CPU.ActiveCfg = Debug|Any CPU
		{817AC1BF-9877-4DDD-977A-369A0DCA485F}.Debug|Any CPU.Build.0 = Debug|Any CPU
		{817AC1BF-9877-4DDD-977A-369A0DCA485F}.Release|Any CPU.ActiveCfg = Release|Any CPU
		{817AC1BF-9877-4DDD-977A-369A0DCA485F}.Release|Any CPU.Build.0 = Release|Any CPU
		{B08A0DCA-05A1-1AD3-A9EE-BA5AA246CAF8}.Debug|Any CPU.ActiveCfg = Debug|Any CPU
		{B08A0DCA-05A1-1AD3-A9EE-BA5AA246CAF8}.Debug|Any CPU.Build.0 = Debug|Any CPU
		{B08A0DCA-05A1-1AD3-A9EE-BA5AA246CAF8}.Release|Any CPU.ActiveCfg = Release|Any CPU
		{B08A0DCA-05A1-1AD3-A9EE-BA5AA246CAF8}.Release|Any CPU.Build.0 = Release|Any CPU
		{79FA478C-413D-71DE-0691-D35A8F1D563B}.Debug|Any CPU.ActiveCfg = Debug|Any CPU
		{79FA478C-413D-71DE-0691-D35A8F1D563B}.Debug|Any CPU.Build.0 = Debug|Any CPU
		{79FA478C-413D-71DE-0691-D35A8F1D563B}.Release|Any CPU.ActiveCfg = Release|Any CPU
		{79FA478C-413D-71DE-0691-D35A8F1D563B}.Release|Any CPU.Build.0 = Release|Any CPU
		{46DABA03-A88B-A15D-DAEF-5F3C1B0403D2}.Debug|Any CPU.ActiveCfg = Debug|Any CPU
		{46DABA03-A88B-A15D-DAEF-5F3C1B0403D2}.Debug|Any CPU.Build.0 = Debug|Any CPU
		{46DABA03-A88B-A15D-DAEF-5F3C1B0403D2}.Release|Any CPU.ActiveCfg = Release|Any CPU
		{46DABA03-A88B-A15D-DAEF-5F3C1B0403D2}.Release|Any CPU.Build.0 = Release|Any CPU
		{2426F79E-08C5-6273-EB04-FCFD9338C1BB}.Debug|Any CPU.ActiveCfg = Debug|Any CPU
		{2426F79E-08C5-6273-EB04-FCFD9338C1BB}.Debug|Any CPU.Build.0 = Debug|Any CPU
		{2426F79E-08C5-6273-EB04-FCFD9338C1BB}.Release|Any CPU.ActiveCfg = Release|Any CPU
		{2426F79E-08C5-6273-EB04-FCFD9338C1BB}.Release|Any CPU.Build.0 = Release|Any CPU
		{FB28060B-4C5A-7771-5D3D-1A7CF9419046}.Debug|Any CPU.ActiveCfg = Debug|Any CPU
		{FB28060B-4C5A-7771-5D3D-1A7CF9419046}.Debug|Any CPU.Build.0 = Debug|Any CPU
		{FB28060B-4C5A-7771-5D3D-1A7CF9419046}.Release|Any CPU.ActiveCfg = Release|Any CPU
		{FB28060B-4C5A-7771-5D3D-1A7CF9419046}.Release|Any CPU.Build.0 = Release|Any CPU
	EndGlobalSection
	GlobalSection(SolutionProperties) = preSolution
		HideSolutionNode = FALSE
	EndGlobalSection
	GlobalSection(ExtensibilityGlobals) = postSolution
		SolutionGuid = {246646D2-E543-4D2C-B9E6-78F58542519A}
	EndGlobalSection
EndGlobal
